
Microsoft Visual Studio Solution File, Format Version 12.00
# Visual Studio Version 16
VisualStudioVersion = 16.0.29911.84
MinimumVisualStudioVersion = 10.0.40219.1
Project("{FAE04EC0-301F-11D3-BF4B-00C04F79EFBC}") = "Entity", "Entity\Entity.csproj", "{1213452C-8C6F-4AEA-8987-ABFEC087ABC7}"
EndProject
Global
	GlobalSection(SolutionConfigurationPlatforms) = preSolution
		Debug|Any CPU = Debug|Any CPU
		Release|Any CPU = Release|Any CPU
	EndGlobalSection
	GlobalSection(ProjectConfigurationPlatforms) = postSolution
		{1213452C-8C6F-4AEA-8987-ABFEC087ABC7}.Debug|Any CPU.ActiveCfg = Debug|Any CPU
		{1213452C-8C6F-4AEA-8987-ABFEC087ABC7}.Debug|Any CPU.Build.0 = Debug|Any CPU
		{1213452C-8C6F-4AEA-8987-ABFEC087ABC7}.Release|Any CPU.ActiveCfg = Release|Any CPU
		{1213452C-8C6F-4AEA-8987-ABFEC087ABC7}.Release|Any CPU.Build.0 = Release|Any CPU
	EndGlobalSection
	GlobalSection(SolutionProperties) = preSolution
		HideSolutionNode = FALSE
	EndGlobalSection
	GlobalSection(ExtensibilityGlobals) = postSolution
		SolutionGuid = {E1F4FACF-00E2-4F74-88BC-8A2F0B32ADA1}
	EndGlobalSection
EndGlobal
